
Microsoft Visual Studio Solution File, Format Version 12.00
# Visual Studio Version 16
VisualStudioVersion = 16.0.30104.148
MinimumVisualStudioVersion = 10.0.40219.1
Project("{FAE04EC0-301F-11D3-BF4B-00C04F79EFBC}") = "XamarinForms-Scandit.Android", "XamarinForms-Scandit\XamarinForms-Scandit.Android\XamarinForms-Scandit.Android.csproj", "{58A968B7-E4FB-44FC-97A1-D729C1791CFB}"
EndProject
Project("{FAE04EC0-301F-11D3-BF4B-00C04F79EFBC}") = "XamarinForms-Scandit.iOS", "XamarinForms-Scandit\XamarinForms-Scandit.iOS\XamarinForms-Scandit.iOS.csproj", "{84D6A536-43A0-495D-A38D-AE94F36D6FD9}"
EndProject
Project("{FAE04EC0-301F-11D3-BF4B-00C04F79EFBC}") = "XamarinForms-Scandit", "XamarinForms-Scandit\XamarinForms-Scandit\XamarinForms-Scandit.csproj", "{E1002CCF-A98B-487C-AEF8-21D93F7DCC86}"
EndProject
Global
	GlobalSection(SolutionConfigurationPlatforms) = preSolution
		Debug|Any CPU = Debug|Any CPU
		Debug|iPhone = Debug|iPhone
		Debug|iPhoneSimulator = Debug|iPhoneSimulator
		Release|Any CPU = Release|Any CPU
		Release|iPhone = Release|iPhone
		Release|iPhoneSimulator = Release|iPhoneSimulator
	EndGlobalSection
	GlobalSection(ProjectConfigurationPlatforms) = postSolution
		{58A968B7-E4FB-44FC-97A1-D729C1791CFB}.Debug|Any CPU.ActiveCfg = Debug|Any CPU
		{58A968B7-E4FB-44FC-97A1-D729C1791CFB}.Debug|Any CPU.Build.0 = Debug|Any CPU
		{58A968B7-E4FB-44FC-97A1-D729C1791CFB}.Debug|Any CPU.Deploy.0 = Debug|Any CPU
		{58A968B7-E4FB-44FC-97A1-D729C1791CFB}.Debug|iPhone.ActiveCfg = Debug|Any CPU
		{58A968B7-E4FB-44FC-97A1-D729C1791CFB}.Debug|iPhone.Build.0 = Debug|Any CPU
		{58A968B7-E4FB-44FC-97A1-D729C1791CFB}.Debug|iPhone.Deploy.0 = Debug|Any CPU
		{58A968B7-E4FB-44FC-97A1-D729C1791CFB}.Debug|iPhoneSimulator.ActiveCfg = Debug|Any CPU
		{58A968B7-E4FB-44FC-97A1-D729C1791CFB}.Debug|iPhoneSimulator.Build.0 = Debug|Any CPU
		{58A968B7-E4FB-44FC-97A1-D729C1791CFB}.Debug|iPhoneSimulator.Deploy.0 = Debug|Any CPU
		{58A968B7-E4FB-44FC-97A1-D729C1791CFB}.Release|Any CPU.ActiveCfg = Release|Any CPU
		{58A968B7-E4FB-44FC-97A1-D729C1791CFB}.Release|Any CPU.Build.0 = Release|Any CPU
		{58A968B7-E4FB-44FC-97A1-D729C1791CFB}.Release|Any CPU.Deploy.0 = Release|Any CPU
		{58A968B7-E4FB-44FC-97A1-D729C1791CFB}.Release|iPhone.ActiveCfg = Release|Any CPU
		{58A968B7-E4FB-44FC-97A1-D729C1791CFB}.Release|iPhone.Build.0 = Release|Any CPU
		{58A968B7-E4FB-44FC-97A1-D729C1791CFB}.Release|iPhone.Deploy.0 = Release|Any CPU
		{58A968B7-E4FB-44FC-97A1-D729C1791CFB}.Release|iPhoneSimulator.ActiveCfg = Release|Any CPU
		{58A968B7-E4FB-44FC-97A1-D729C1791CFB}.Release|iPhoneSimulator.Build.0 = Release|Any CPU
		{58A968B7-E4FB-44FC-97A1-D729C1791CFB}.Release|iPhoneSimulator.Deploy.0 = Release|Any CPU
		{84D6A536-43A0-495D-A38D-AE94F36D6FD9}.Debug|Any CPU.ActiveCfg = Debug|iPhone
		{84D6A536-43A0-495D-A38D-AE94F36D6FD9}.Debug|Any CPU.Build.0 = Debug|iPhone
		{84D6A536-43A0-495D-A38D-AE94F36D6FD9}.Debug|Any CPU.Deploy.0 = Debug|iPhone
		{84D6A536-43A0-495D-A38D-AE94F36D6FD9}.Debug|iPhone.ActiveCfg = Debug|iPhone
		{84D6A536-43A0-495D-A38D-AE94F36D6FD9}.Debug|iPhone.Build.0 = Debug|iPhone
		{84D6A536-43A0-495D-A38D-AE94F36D6FD9}.Debug|iPhone.Deploy.0 = Debug|iPhone
		{84D6A536-43A0-495D-A38D-AE94F36D6FD9}.Debug|iPhoneSimulator.ActiveCfg = Debug|iPhoneSimulator
		{84D6A536-43A0-495D-A38D-AE94F36D6FD9}.Debug|iPhoneSimulator.Build.0 = Debug|iPhoneSimulator
		{84D6A536-43A0-495D-A38D-AE94F36D6FD9}.Debug|iPhoneSimulator.Deploy.0 = Debug|iPhoneSimulator
		{84D6A536-43A0-495D-A38D-AE94F36D6FD9}.Release|Any CPU.ActiveCfg = Release|iPhone
		{84D6A536-43A0-495D-A38D-AE94F36D6FD9}.Release|Any CPU.Build.0 = Release|iPhone
		{84D6A536-43A0-495D-A38D-AE94F36D6FD9}.Release|Any CPU.Deploy.0 = Release|iPhone
		{84D6A536-43A0-495D-A38D-AE94F36D6FD9}.Release|iPhone.ActiveCfg = Release|iPhone
		{84D6A536-43A0-495D-A38D-AE94F36D6FD9}.Release|iPhone.Build.0 = Release|iPhone
		{84D6A536-43A0-495D-A38D-AE94F36D6FD9}.Release|iPhone.Deploy.0 = Release|iPhone
		{84D6A536-43A0-495D-A38D-AE94F36D6FD9}.Release|iPhoneSimulator.ActiveCfg = Release|iPhoneSimulator
		{84D6A536-43A0-495D-A38D-AE94F36D6FD9}.Release|iPhoneSimulator.Build.0 = Release|iPhoneSimulator
		{84D6A536-43A0-495D-A38D-AE94F36D6FD9}.Release|iPhoneSimulator.Deploy.0 = Release|iPhoneSimulator
		{E1002CCF-A98B-487C-AEF8-21D93F7DCC86}.Debug|Any CPU.ActiveCfg = Debug|Any CPU
		{E1002CCF-A98B-487C-AEF8-21D93F7DCC86}.Debug|Any CPU.Build.0 = Debug|Any CPU
		{E1002CCF-A98B-487C-AEF8-21D93F7DCC86}.Debug|Any CPU.Deploy.0 = Debug|Any CPU
		{E1002CCF-A98B-487C-AEF8-21D93F7DCC86}.Debug|iPhone.ActiveCfg = Debug|Any CPU
		{E1002CCF-A98B-487C-AEF8-21D93F7DCC86}.Debug|iPhone.Build.0 = Debug|Any CPU
		{E1002CCF-A98B-487C-AEF8-21D93F7DCC86}.Debug|iPhone.Deploy.0 = Debug|Any CPU
		{E1002CCF-A98B-487C-AEF8-21D93F7DCC86}.Debug|iPhoneSimulator.ActiveCfg = Debug|Any CPU
		{E1002CCF-A98B-487C-AEF8-21D93F7DCC86}.Debug|iPhoneSimulator.Build.0 = Debug|Any CPU
		{E1002CCF-A98B-487C-AEF8-21D93F7DCC86}.Debug|iPhoneSimulator.Deploy.0 = Debug|Any CPU
		{E1002CCF-A98B-487C-AEF8-21D93F7DCC86}.Release|Any CPU.ActiveCfg = Release|Any CPU
		{E1002CCF-A98B-487C-AEF8-21D93F7DCC86}.Release|Any CPU.Build.0 = Release|Any CPU
		{E1002CCF-A98B-487C-AEF8-21D93F7DCC86}.Release|Any CPU.Deploy.0 = Release|Any CPU
		{E1002CCF-A98B-487C-AEF8-21D93F7DCC86}.Release|iPhone.ActiveCfg = Release|Any CPU
		{E1002CCF-A98B-487C-AEF8-21D93F7DCC86}.Release|iPhone.Build.0 = Release|Any CPU
		{E1002CCF-A98B-487C-AEF8-21D93F7DCC86}.Release|iPhone.Deploy.0 = Release|Any CPU
		{E1002CCF-A98B-487C-AEF8-21D93F7DCC86}.Release|iPhoneSimulator.ActiveCfg = Release|Any CPU
		{E1002CCF-A98B-487C-AEF8-21D93F7DCC86}.Release|iPhoneSimulator.Build.0 = Release|Any CPU
		{E1002CCF-A98B-487C-AEF8-21D93F7DCC86}.Release|iPhoneSimulator.Deploy.0 = Release|Any CPU
	EndGlobalSection
	GlobalSection(SolutionProperties) = preSolution
		HideSolutionNode = FALSE
	EndGlobalSection
	GlobalSection(ExtensibilityGlobals) = postSolution
		SolutionGuid = {9DA4F692-867A-4053-B227-121872AD1081}
	EndGlobalSection
EndGlobal
